// !$*UTF8*$!
{
	archiveVersion = 1;
	classes = {
	};
	objectVersion = 46;
	objects = {

/* Begin PBXBuildFile section */
		7911D511A7633C3819FBEF9A /* Pods_Uber_App_For_Rider.framework in Frameworks */ = {isa = PBXBuildFile; fileRef = 07BD5D0E3D77BEE5D3120BA5 /* Pods_Uber_App_For_Rider.framework */; };
		BC22A4B8205B19B7006A0EB1 /* AppDelegate.swift in Sources */ = {isa = PBXBuildFile; fileRef = BC22A4B7205B19B7006A0EB1 /* AppDelegate.swift */; };
		BC22A4BD205B19B7006A0EB1 /* Main.storyboard in Resources */ = {isa = PBXBuildFile; fileRef = BC22A4BB205B19B7006A0EB1 /* Main.storyboard */; };
		BC22A4BF205B19B7006A0EB1 /* Assets.xcassets in Resources */ = {isa = PBXBuildFile; fileRef = BC22A4BE205B19B7006A0EB1 /* Assets.xcassets */; };
		BC22A4C2205B19B7006A0EB1 /* LaunchScreen.storyboard in Resources */ = {isa = PBXBuildFile; fileRef = BC22A4C0205B19B7006A0EB1 /* LaunchScreen.storyboard */; };
		BCB9BAFA205D04F400C8CA82 /* SignInVC.swift in Sources */ = {isa = PBXBuildFile; fileRef = BCB9BAF9205D04F400C8CA82 /* SignInVC.swift */; };
		BCB9BB03205D1DAD00C8CA82 /* GoogleService-Info.plist in Resources */ = {isa = PBXBuildFile; fileRef = BCB9BB02205D1DAD00C8CA82 /* GoogleService-Info.plist */; };
		BCB9BB0B205D2ED200C8CA82 /* AuthProvider.swift in Sources */ = {isa = PBXBuildFile; fileRef = BCB9BB0A205D2ED200C8CA82 /* AuthProvider.swift */; };
		BCB9BB0D205D8F9800C8CA82 /* RiderVC.swift in Sources */ = {isa = PBXBuildFile; fileRef = BCB9BB0C205D8F9800C8CA82 /* RiderVC.swift */; };
		BCB9BB11205DA26D00C8CA82 /* DBProvider.swift in Sources */ = {isa = PBXBuildFile; fileRef = BCB9BB10205DA26D00C8CA82 /* DBProvider.swift */; };
		BCB9BB13205DA4A200C8CA82 /* Constants.swift in Sources */ = {isa = PBXBuildFile; fileRef = BCB9BB12205DA4A200C8CA82 /* Constants.swift */; };
/* End PBXBuildFile section */

/* Begin PBXFileReference section */
		07BD5D0E3D77BEE5D3120BA5 /* Pods_Uber_App_For_Rider.framework */ = {isa = PBXFileReference; explicitFileType = wrapper.framework; includeInIndex = 0; path = Pods_Uber_App_For_Rider.framework; sourceTree = BUILT_PRODUCTS_DIR; };
		4410C14F20AFFE6EC7B1A0AA /* Pods-Uber App For Rider.debug.xcconfig */ = {isa = PBXFileReference; includeInIndex = 1; lastKnownFileType = text.xcconfig; name = "Pods-Uber App For Rider.debug.xcconfig"; path = "Pods/Target Support Files/Pods-Uber App For Rider/Pods-Uber App For Rider.debug.xcconfig"; sourceTree = "<group>"; };
		8C08AC4CD71432A4654C63F7 /* Pods-Uber App For Rider.release.xcconfig */ = {isa = PBXFileReference; includeInIndex = 1; lastKnownFileType = text.xcconfig; name = "Pods-Uber App For Rider.release.xcconfig"; path = "Pods/Target Support Files/Pods-Uber App For Rider/Pods-Uber App For Rider.release.xcconfig"; sourceTree = "<group>"; };
		BC22A4B4205B19B7006A0EB1 /* Uber App For Rider.app */ = {isa = PBXFileReference; explicitFileType = wrapper.application; includeInIndex = 0; path = "Uber App For Rider.app"; sourceTree = BUILT_PRODUCTS_DIR; };
		BC22A4B7205B19B7006A0EB1 /* AppDelegate.swift */ = {isa = PBXFileReference; lastKnownFileType = sourcecode.swift; path = AppDelegate.swift; sourceTree = "<group>"; };
		BC22A4BC205B19B7006A0EB1 /* Base */ = {isa = PBXFileReference; lastKnownFileType = file.storyboard; name = Base; path = Base.lproj/Main.storyboard; sourceTree = "<group>"; };
		BC22A4BE205B19B7006A0EB1 /* Assets.xcassets */ = {isa = PBXFileReference; lastKnownFileType = folder.assetcatalog; path = Assets.xcassets; sourceTree = "<group>"; };
		BC22A4C1205B19B7006A0EB1 /* Base */ = {isa = PBXFileReference; lastKnownFileType = file.storyboard; name = Base; path = Base.lproj/LaunchScreen.storyboard; sourceTree = "<group>"; };
		BC22A4C3205B19B7006A0EB1 /* Info.plist */ = {isa = PBXFileReference; lastKnownFileType = text.plist.xml; path = Info.plist; sourceTree = "<group>"; };
		BCB9BAF9205D04F400C8CA82 /* SignInVC.swift */ = {isa = PBXFileReference; fileEncoding = 4; lastKnownFileType = sourcecode.swift; path = SignInVC.swift; sourceTree = "<group>"; };
		BCB9BB02205D1DAD00C8CA82 /* GoogleService-Info.plist */ = {isa = PBXFileReference; fileEncoding = 4; lastKnownFileType = text.plist.xml; path = "GoogleService-Info.plist"; sourceTree = "<group>"; };
		BCB9BB0A205D2ED200C8CA82 /* AuthProvider.swift */ = {isa = PBXFileReference; fileEncoding = 4; lastKnownFileType = sourcecode.swift; path = AuthProvider.swift; sourceTree = "<group>"; };
		BCB9BB0C205D8F9800C8CA82 /* RiderVC.swift */ = {isa = PBXFileReference; fileEncoding = 4; lastKnownFileType = sourcecode.swift; path = RiderVC.swift; sourceTree = "<group>"; };
		BCB9BB10205DA26D00C8CA82 /* DBProvider.swift */ = {isa = PBXFileReference; fileEncoding = 4; lastKnownFileType = sourcecode.swift; path = DBProvider.swift; sourceTree = "<group>"; };
		BCB9BB12205DA4A200C8CA82 /* Constants.swift */ = {isa = PBXFileReference; fileEncoding = 4; lastKnownFileType = sourcecode.swift; path = Constants.swift; sourceTree = "<group>"; };
/* End PBXFileReference section */

/* Begin PBXFrameworksBuildPhase section */
		BC22A4B1205B19B7006A0EB1 /* Frameworks */ = {
			isa = PBXFrameworksBuildPhase;
			buildActionMask = 2147483647;
			files = (
				7911D511A7633C3819FBEF9A /* Pods_Uber_App_For_Rider.framework in Frameworks */,
			);
			runOnlyForDeploymentPostprocessing = 0;
		};
/* End PBXFrameworksBuildPhase section */

/* Begin PBXGroup section */
		7EE53B865F71DA7C7531A68E /* Frameworks */ = {
			isa = PBXGroup;
			children = (
				07BD5D0E3D77BEE5D3120BA5 /* Pods_Uber_App_For_Rider.framework */,
			);
			name = Frameworks;
			sourceTree = "<group>";
		};
		BC22A4AB205B19B7006A0EB1 = {
			isa = PBXGroup;
			children = (
				BC22A4B6205B19B7006A0EB1 /* Uber App For Rider */,
				BC22A4B5205B19B7006A0EB1 /* Products */,
				DD7B67BDBCD8297FBC62F66A /* Pods */,
				7EE53B865F71DA7C7531A68E /* Frameworks */,
			);
			sourceTree = "<group>";
		};
		BC22A4B5205B19B7006A0EB1 /* Products */ = {
			isa = PBXGroup;
			children = (
				BC22A4B4205B19B7006A0EB1 /* Uber App For Rider.app */,
			);
			name = Products;
			sourceTree = "<group>";
		};
		BC22A4B6205B19B7006A0EB1 /* Uber App For Rider */ = {
			isa = PBXGroup;
			children = (
				BCB9BB09205D2EB700C8CA82 /* Plugins */,
				BCB9BAF8205D04C100C8CA82 /* Controller */,
				BCB9BAF7205D04AB00C8CA82 /* View */,
				BCB9BAF6205D049E00C8CA82 /* Model */,
				BC22A4B7205B19B7006A0EB1 /* AppDelegate.swift */,
				BC22A4BB205B19B7006A0EB1 /* Main.storyboard */,
				BC22A4BE205B19B7006A0EB1 /* Assets.xcassets */,
				BC22A4C0205B19B7006A0EB1 /* LaunchScreen.storyboard */,
				BC22A4C3205B19B7006A0EB1 /* Info.plist */,
				BCB9BB02205D1DAD00C8CA82 /* GoogleService-Info.plist */,
			);
			path = "Uber App For Rider";
			sourceTree = "<group>";
		};
		BCB9BAF6205D049E00C8CA82 /* Model */ = {
			isa = PBXGroup;
			children = (
			);
			name = Model;
			sourceTree = "<group>";
		};
		BCB9BAF7205D04AB00C8CA82 /* View */ = {
			isa = PBXGroup;
			children = (
			);
			name = View;
			sourceTree = "<group>";
		};
		BCB9BAF8205D04C100C8CA82 /* Controller */ = {
			isa = PBXGroup;
			children = (
				BCB9BAF9205D04F400C8CA82 /* SignInVC.swift */,
				BCB9BB0C205D8F9800C8CA82 /* RiderVC.swift */,
			);
			name = Controller;
			sourceTree = "<group>";
		};
		BCB9BB09205D2EB700C8CA82 /* Plugins */ = {
			isa = PBXGroup;
			children = (
				BCB9BB0A205D2ED200C8CA82 /* AuthProvider.swift */,
				BCB9BB10205DA26D00C8CA82 /* DBProvider.swift */,
				BCB9BB12205DA4A200C8CA82 /* Constants.swift */,
			);
			name = Plugins;
			sourceTree = "<group>";
		};
		DD7B67BDBCD8297FBC62F66A /* Pods */ = {
			isa = PBXGroup;
			children = (
				4410C14F20AFFE6EC7B1A0AA /* Pods-Uber App For Rider.debug.xcconfig */,
				8C08AC4CD71432A4654C63F7 /* Pods-Uber App For Rider.release.xcconfig */,
			);
			name = Pods;
			sourceTree = "<group>";
		};
/* End PBXGroup section */

/* Begin PBXNativeTarget section */
		BC22A4B3205B19B7006A0EB1 /* Uber App For Rider */ = {
			isa = PBXNativeTarget;
			buildConfigurationList = BC22A4C6205B19B7006A0EB1 /* Build configuration list for PBXNativeTarget "Uber App For Rider" */;
			buildPhases = (
				B138286F3A81A815F8C54574 /* [CP] Check Pods Manifest.lock */,
				BC22A4B0205B19B7006A0EB1 /* Sources */,
				BC22A4B1205B19B7006A0EB1 /* Frameworks */,
				BC22A4B2205B19B7006A0EB1 /* Resources */,
				5C6093087B092DA489020150 /* [CP] Embed Pods Frameworks */,
				9CE1FC9778BBD8667C2BC1F5 /* [CP] Copy Pods Resources */,
			);
			buildRules = (
			);
			dependencies = (
			);
			name = "Uber App For Rider";
			productName = "Uber App For Rider";
			productReference = BC22A4B4205B19B7006A0EB1 /* Uber App For Rider.app */;
			productType = "com.apple.product-type.application";
		};
/* End PBXNativeTarget section */

/* Begin PBXProject section */
		BC22A4AC205B19B7006A0EB1 /* Project object */ = {
			isa = PBXProject;
			attributes = {
				LastSwiftUpdateCheck = 0800;
				LastUpgradeCheck = 0800;
				ORGANIZATIONNAME = "Ranga Madushan";
				TargetAttributes = {
					BC22A4B3205B19B7006A0EB1 = {
						CreatedOnToolsVersion = 8.0;
						DevelopmentTeam = VAGB4J8V6P;
						ProvisioningStyle = Automatic;
					};
				};
			};
			buildConfigurationList = BC22A4AF205B19B7006A0EB1 /* Build configuration list for PBXProject "Uber App For Rider" */;
			compatibilityVersion = "Xcode 3.2";
			developmentRegion = English;
			hasScannedForEncodings = 0;
			knownRegions = (
				en,
				Base,
			);
			mainGroup = BC22A4AB205B19B7006A0EB1;
			productRefGroup = BC22A4B5205B19B7006A0EB1 /* Products */;
			projectDirPath = "";
			projectRoot = "";
			targets = (
				BC22A4B3205B19B7006A0EB1 /* Uber App For Rider */,
			);
		};
/* End PBXProject section */

/* Begin PBXResourcesBuildPhase section */
		BC22A4B2205B19B7006A0EB1 /* Resources */ = {
			isa = PBXResourcesBuildPhase;
			buildActionMask = 2147483647;
			files = (
				BC22A4C2205B19B7006A0EB1 /* LaunchScreen.storyboard in Resources */,
				BCB9BB03205D1DAD00C8CA82 /* GoogleService-Info.plist in Resources */,
				BC22A4BF205B19B7006A0EB1 /* Assets.xcassets in Resources */,
				BC22A4BD205B19B7006A0EB1 /* Main.storyboard in Resources */,
			);
			runOnlyForDeploymentPostprocessing = 0;
		};
/* End PBXResourcesBuildPhase section */

/* Begin PBXShellScriptBuildPhase section */
		5C6093087B092DA489020150 /* [CP] Embed Pods Frameworks */ = {
			isa = PBXShellScriptBuildPhase;
			buildActionMask = 2147483647;
			files = (
			);
			inputPaths = (
				"${SRCROOT}/Pods/Target Support Files/Pods-Uber App For Rider/Pods-Uber App For Rider-frameworks.sh",
				"${BUILT_PRODUCTS_DIR}/GTMSessionFetcher/GTMSessionFetcher.framework",
				"${BUILT_PRODUCTS_DIR}/GoogleToolboxForMac/GoogleToolboxForMac.framework",
				"${BUILT_PRODUCTS_DIR}/leveldb-library/leveldb.framework",
				"${BUILT_PRODUCTS_DIR}/nanopb/nanopb.framework",
			);
			name = "[CP] Embed Pods Frameworks";
			outputPaths = (
				"${TARGET_BUILD_DIR}/${FRAMEWORKS_FOLDER_PATH}/GTMSessionFetcher.framework",
				"${TARGET_BUILD_DIR}/${FRAMEWORKS_FOLDER_PATH}/GoogleToolboxForMac.framework",
				"${TARGET_BUILD_DIR}/${FRAMEWORKS_FOLDER_PATH}/leveldb.framework",
				"${TARGET_BUILD_DIR}/${FRAMEWORKS_FOLDER_PATH}/nanopb.framework",
			);
			runOnlyForDeploymentPostprocessing = 0;
			shellPath = /bin/sh;
			shellScript = "\"${SRCROOT}/Pods/Target Support Files/Pods-Uber App For Rider/Pods-Uber App For Rider-frameworks.sh\"\n";
			showEnvVarsInLog = 0;
		};
		9CE1FC9778BBD8667C2BC1F5 /* [CP] Copy Pods Resources */ = {
			isa = PBXShellScriptBuildPhase;
			buildActionMask = 2147483647;
			files = (
			);
			inputPaths = (
			);
			name = "[CP] Copy Pods Resources";
			outputPaths = (
			);
			runOnlyForDeploymentPostprocessing = 0;
			shellPath = /bin/sh;
			shellScript = "\"${SRCROOT}/Pods/Target Support Files/Pods-Uber App For Rider/Pods-Uber App For Rider-resources.sh\"\n";
			showEnvVarsInLog = 0;
		};
		B138286F3A81A815F8C54574 /* [CP] Check Pods Manifest.lock */ = {
			isa = PBXShellScriptBuildPhase;
			buildActionMask = 2147483647;
			files = (
			);
			inputPaths = (
				"${PODS_PODFILE_DIR_PATH}/Podfile.lock",
				"${PODS_ROOT}/Manifest.lock",
			);
			name = "[CP] Check Pods Manifest.lock";
			outputPaths = (
				"$(DERIVED_FILE_DIR)/Pods-Uber App For Rider-checkManifestLockResult.txt",
			);
			runOnlyForDeploymentPostprocessing = 0;
			shellPath = /bin/sh;
			shellScript = "diff \"${PODS_PODFILE_DIR_PATH}/Podfile.lock\" \"${PODS_ROOT}/Manifest.lock\" > /dev/null\nif [ $? != 0 ] ; then\n    # print error to STDERR\n    echo \"error: The sandbox is not in sync with the Podfile.lock. Run 'pod install' or update your CocoaPods installation.\" >&2\n    exit 1\nfi\n# This output is used by Xcode 'outputs' to avoid re-running this script phase.\necho \"SUCCESS\" > \"${SCRIPT_OUTPUT_FILE_0}\"\n";
			showEnvVarsInLog = 0;
		};
/* End PBXShellScriptBuildPhase section */

/* Begin PBXSourcesBuildPhase section */
		BC22A4B0205B19B7006A0EB1 /* Sources */ = {
			isa = PBXSourcesBuildPhase;
			buildActionMask = 2147483647;
			files = (
				BCB9BB0B205D2ED200C8CA82 /* AuthProvider.swift in Sources */,
				BCB9BAFA205D04F400C8CA82 /* SignInVC.swift in Sources */,
				BCB9BB11205DA26D00C8CA82 /* DBProvider.swift in Sources */,
				BC22A4B8205B19B7006A0EB1 /* AppDelegate.swift in Sources */,
				BCB9BB0D205D8F9800C8CA82 /* RiderVC.swift in Sources */,
				BCB9BB13205DA4A200C8CA82 /* Constants.swift in Sources */,
			);
			runOnlyForDeploymentPostprocessing = 0;
		};
/* End PBXSourcesBuildPhase section */

/* Begin PBXVariantGroup section */
		BC22A4BB205B19B7006A0EB1 /* Main.storyboard */ = {
			isa = PBXVariantGroup;
			children = (
				BC22A4BC205B19B7006A0EB1 /* Base */,
			);
			name = Main.storyboard;
			sourceTree = "<group>";
		};
		BC22A4C0205B19B7006A0EB1 /* LaunchScreen.storyboard */ = {
			isa = PBXVariantGroup;
			children = (
				BC22A4C1205B19B7006A0EB1 /* Base */,
			);
			name = LaunchScreen.storyboard;
			sourceTree = "<group>";
		};
/* End PBXVariantGroup section */

/* Begin XCBuildConfiguration section */
		BC22A4C4205B19B7006A0EB1 /* Debug */ = {
			isa = XCBuildConfiguration;
			buildSettings = {
				ALWAYS_SEARCH_USER_PATHS = NO;
				CLANG_ANALYZER_NONNULL = YES;
				CLANG_CXX_LANGUAGE_STANDARD = "gnu++0x";
				CLANG_CXX_LIBRARY = "libc++";
				CLANG_ENABLE_MODULES = YES;
				CLANG_ENABLE_OBJC_ARC = YES;
				CLANG_WARN_BOOL_CONVERSION = YES;
				CLANG_WARN_CONSTANT_CONVERSION = YES;
				CLANG_WARN_DIRECT_OBJC_ISA_USAGE = YES_ERROR;
				CLANG_WARN_DOCUMENTATION_COMMENTS = YES;
				CLANG_WARN_EMPTY_BODY = YES;
				CLANG_WARN_ENUM_CONVERSION = YES;
				CLANG_WARN_INFINITE_RECURSION = YES;
				CLANG_WARN_INT_CONVERSION = YES;
				CLANG_WARN_OBJC_ROOT_CLASS = YES_ERROR;
				CLANG_WARN_SUSPICIOUS_MOVES = YES;
				CLANG_WARN_UNREACHABLE_CODE = YES;
				CLANG_WARN__DUPLICATE_METHOD_MATCH = YES;
				"CODE_SIGN_IDENTITY[sdk=iphoneos*]" = "iPhone Developer";
				COPY_PHASE_STRIP = NO;
				DEBUG_INFORMATION_FORMAT = dwarf;
				ENABLE_STRICT_OBJC_MSGSEND = YES;
				ENABLE_TESTABILITY = YES;
				GCC_C_LANGUAGE_STANDARD = gnu99;
				GCC_DYNAMIC_NO_PIC = NO;
				GCC_NO_COMMON_BLOCKS = YES;
				GCC_OPTIMIZATION_LEVEL = 0;
				GCC_PREPROCESSOR_DEFINITIONS = (
					"DEBUG=1",
					"$(inherited)",
				);
				GCC_WARN_64_TO_32_BIT_CONVERSION = YES;
				GCC_WARN_ABOUT_RETURN_TYPE = YES_ERROR;
				GCC_WARN_UNDECLARED_SELECTOR = YES;
				GCC_WARN_UNINITIALIZED_AUTOS = YES_AGGRESSIVE;
				GCC_WARN_UNUSED_FUNCTION = YES;
				GCC_WARN_UNUSED_VARIABLE = YES;
				IPHONEOS_DEPLOYMENT_TARGET = 10.0;
				MTL_ENABLE_DEBUG_INFO = YES;
				ONLY_ACTIVE_ARCH = YES;
				SDKROOT = iphoneos;
				SWIFT_ACTIVE_COMPILATION_CONDITIONS = DEBUG;
				SWIFT_OPTIMIZATION_LEVEL = "-Onone";
			};
			name = Debug;
		};
		BC22A4C5205B19B7006A0EB1 /* Release */ = {
			isa = XCBuildConfiguration;
			buildSettings = {
				ALWAYS_SEARCH_USER_PATHS = NO;
				CLANG_ANALYZER_NONNULL = YES;
				CLANG_CXX_LANGUAGE_STANDARD = "gnu++0x";
				CLANG_CXX_LIBRARY = "libc++";
				CLANG_ENABLE_MODULES = YES;
				CLANG_ENABLE_OBJC_ARC = YES;
				CLANG_WARN_BOOL_CONVERSION = YES;
				CLANG_WARN_CONSTANT_CONVERSION = YES;
				CLANG_WARN_DIRECT_OBJC_ISA_USAGE = YES_ERROR;
				CLANG_WARN_DOCUMENTATION_COMMENTS = YES;
				CLANG_WARN_EMPTY_BODY = YES;
				CLANG_WARN_ENUM_CONVERSION = YES;
				CLANG_WARN_INFINITE_RECURSION = YES;
				CLANG_WARN_INT_CONVERSION = YES;
				CLANG_WARN_OBJC_ROOT_CLASS = YES_ERROR;
				CLANG_WARN_SUSPICIOUS_MOVES = YES;
				CLANG_WARN_UNREACHABLE_CODE = YES;
				CLANG_WARN__DUPLICATE_METHOD_MATCH = YES;
				"CODE_SIGN_IDENTITY[sdk=iphoneos*]" = "iPhone Developer";
				COPY_PHASE_STRIP = NO;
				DEBUG_INFORMATION_FORMAT = "dwarf-with-dsym";
				ENABLE_NS_ASSERTIONS = NO;
				ENABLE_STRICT_OBJC_MSGSEND = YES;
				GCC_C_LANGUAGE_STANDARD = gnu99;
				GCC_NO_COMMON_BLOCKS = YES;
				GCC_WARN_64_TO_32_BIT_CONVERSION = YES;
				GCC_WARN_ABOUT_RETURN_TYPE = YES_ERROR;
				GCC_WARN_UNDECLARED_SELECTOR = YES;
				GCC_WARN_UNINITIALIZED_AUTOS = YES_AGGRESSIVE;
				GCC_WARN_UNUSED_FUNCTION = YES;
				GCC_WARN_UNUSED_VARIABLE = YES;
				IPHONEOS_DEPLOYMENT_TARGET = 10.0;
				MTL_ENABLE_DEBUG_INFO = NO;
				SDKROOT = iphoneos;
				SWIFT_OPTIMIZATION_LEVEL = "-Owholemodule";
				VALIDATE_PRODUCT = YES;
			};
			name = Release;
		};
		BC22A4C7205B19B7006A0EB1 /* Debug */ = {
			isa = XCBuildConfiguration;
			baseConfigurationReference = 4410C14F20AFFE6EC7B1A0AA /* Pods-Uber App For Rider.debug.xcconfig */;
			buildSettings = {
				ASSETCATALOG_COMPILER_APPICON_NAME = AppIcon;
				DEVELOPMENT_TEAM = VAGB4J8V6P;
				INFOPLIST_FILE = "Uber App For Rider/Info.plist";
				LD_RUNPATH_SEARCH_PATHS = "$(inherited) @executable_path/Frameworks";
				PRODUCT_BUNDLE_IDENTIFIER = "com.Ranga-Madushan.Uber-App-For-Rider";
				PRODUCT_NAME = "$(TARGET_NAME)";
				SWIFT_VERSION = 3.0;
			};
			name = Debug;
		};
		BC22A4C8205B19B7006A0EB1 /* Release */ = {
			isa = XCBuildConfiguration;
			baseConfigurationReference = 8C08AC4CD71432A4654C63F7 /* Pods-Uber App For Rider.release.xcconfig */;
			buildSettings = {
				ASSETCATALOG_COMPILER_APPICON_NAME = AppIcon;
				DEVELOPMENT_TEAM = VAGB4J8V6P;
				INFOPLIST_FILE = "Uber App For Rider/Info.plist";
				LD_RUNPATH_SEARCH_PATHS = "$(inherited) @executable_path/Frameworks";
				PRODUCT_BUNDLE_IDENTIFIER = "com.Ranga-Madushan.Uber-App-For-Rider";
				PRODUCT_NAME = "$(TARGET_NAME)";
				SWIFT_VERSION = 3.0;
			};
			name = Release;
		};
/* End XCBuildConfiguration section */

/* Begin XCConfigurationList section */
		BC22A4AF205B19B7006A0EB1 /* Build configuration list for PBXProject "Uber App For Rider" */ = {
			isa = XCConfigurationList;
			buildConfigurations = (
				BC22A4C4205B19B7006A0EB1 /* Debug */,
				BC22A4C5205B19B7006A0EB1 /* Release */,
			);
			defaultConfigurationIsVisible = 0;
			defaultConfigurationName = Release;
		};
		BC22A4C6205B19B7006A0EB1 /* Build configuration list for PBXNativeTarget "Uber App For Rider" */ = {
			isa = XCConfigurationList;
			buildConfigurations = (
				BC22A4C7205B19B7006A0EB1 /* Debug */,
				BC22A4C8205B19B7006A0EB1 /* Release */,
			);
			defaultConfigurationIsVisible = 0;
			defaultConfigurationName = Release;
		};
/* End XCConfigurationList section */
	};
	rootObject = BC22A4AC205B19B7006A0EB1 /* Project object */;
}
